# This file is automatically @generated by Cargo.
# It is not intended for manual editing.
version = 4

[[package]]
name = "rust-lox"
version = "0.1.0"
dependencies = [
 "skan",
]

[[package]]
name = "skan"
version = "0.1.0"
source = "registry+https://github.com/rust-lang/crates.io-index"
checksum = "57494c4691ea883a5cf2611f92907a8d0903897af160d79c103deda9a80a2e32"
